
Microsoft Visual Studio Solution File, Format Version 12.00
# Visual Studio Version 16
VisualStudioVersion = 16.0.31321.278
MinimumVisualStudioVersion = 10.0.40219.1
Project("{FAE04EC0-301F-11D3-BF4B-00C04F79EFBC}") = "WebApplication1", "WebApplication1.csproj", "{86A6689B-21EE-4537-9F55-C333A7B68F9B}"
EndProject
Global
	GlobalSection(SolutionConfigurationPlatforms) = preSolution
		Debug|Any CPU = Debug|Any CPU
		Release|Any CPU = Release|Any CPU
	EndGlobalSection
	GlobalSection(ProjectConfigurationPlatforms) = postSolution
		{86A6689B-21EE-4537-9F55-C333A7B68F9B}.Debug|Any CPU.ActiveCfg = Debug|Any CPU
		{86A6689B-21EE-4537-9F55-C333A7B68F9B}.Debug|Any CPU.Build.0 = Debug|Any CPU
		{86A6689B-21EE-4537-9F55-C333A7B68F9B}.Release|Any CPU.ActiveCfg = Release|Any CPU
		{86A6689B-21EE-4537-9F55-C333A7B68F9B}.Release|Any CPU.Build.0 = Release|Any CPU
	EndGlobalSection
	GlobalSection(SolutionProperties) = preSolution
		HideSolutionNode = FALSE
	EndGlobalSection
	GlobalSection(ExtensibilityGlobals) = postSolution
		SolutionGuid = {02895FC7-FD0E-43B9-BDC2-2D1B6A6C5493}
	EndGlobalSection
EndGlobal
